
Microsoft Visual Studio Solution File, Format Version 12.00
# Visual Studio Version 17
VisualStudioVersion = 17.3.32922.545
MinimumVisualStudioVersion = 10.0.40219.1
Project("{FAE04EC0-301F-11D3-BF4B-00C04F79EFBC}") = "Actions-App", "Actions-App\Actions-App.csproj", "{0C25865D-0C92-48E7-9032-C6B1964B1280}"
EndProject
Global
	GlobalSection(SolutionConfigurationPlatforms) = preSolution
		Debug|Any CPU = Debug|Any CPU
		Release|Any CPU = Release|Any CPU
	EndGlobalSection
	GlobalSection(ProjectConfigurationPlatforms) = postSolution
		{0C25865D-0C92-48E7-9032-C6B1964B1280}.Debug|Any CPU.ActiveCfg = Debug|Any CPU
		{0C25865D-0C92-48E7-9032-C6B1964B1280}.Debug|Any CPU.Build.0 = Debug|Any CPU
		{0C25865D-0C92-48E7-9032-C6B1964B1280}.Release|Any CPU.ActiveCfg = Release|Any CPU
		{0C25865D-0C92-48E7-9032-C6B1964B1280}.Release|Any CPU.Build.0 = Release|Any CPU
	EndGlobalSection
	GlobalSection(SolutionProperties) = preSolution
		HideSolutionNode = FALSE
	EndGlobalSection
	GlobalSection(ExtensibilityGlobals) = postSolution
		SolutionGuid = {022BFF8F-2F9C-430F-A2F0-D33C7EF6FE4D}
	EndGlobalSection
EndGlobal
